{
  "markbot": "71737ff6b511049a914a6463ac0f420c8bc0ca7db5235ccaaf606c5781d8b3ba",
  "markbotignore": "030a4e6e1b3b6b510514a7ae54576e2c2ef762d56236c6414ef634955d96a126",
  "index.html": "f110de47a1be281515e7a092d6142a77c82c3ee6e6342371fa117f6b0eee4ca4",
  "index-1400.png": "69797ad58090653b3dfc65a9c16d27b345f71cbc3caf3f8e607902bddb95743a"
}